
Microsoft Visual Studio Solution File, Format Version 12.00
# Visual Studio Version 17
VisualStudioVersion = 17.5.33530.505
MinimumVisualStudioVersion = 10.0.40219.1
Project("{FAE04EC0-301F-11D3-BF4B-00C04F79EFBC}") = "Car_Park", "Car Park\Car_Park.csproj", "{E01B9C4A-2D1A-4EC0-B78D-042904DD024B}"
EndProject
Global
	GlobalSection(SolutionConfigurationPlatforms) = preSolution
		Debug|Any CPU = Debug|Any CPU
		Release|Any CPU = Release|Any CPU
	EndGlobalSection
	GlobalSection(ProjectConfigurationPlatforms) = postSolution
		{E01B9C4A-2D1A-4EC0-B78D-042904DD024B}.Debug|Any CPU.ActiveCfg = Debug|Any CPU
		{E01B9C4A-2D1A-4EC0-B78D-042904DD024B}.Debug|Any CPU.Build.0 = Debug|Any CPU
		{E01B9C4A-2D1A-4EC0-B78D-042904DD024B}.Release|Any CPU.ActiveCfg = Release|Any CPU
		{E01B9C4A-2D1A-4EC0-B78D-042904DD024B}.Release|Any CPU.Build.0 = Release|Any CPU
	EndGlobalSection
	GlobalSection(SolutionProperties) = preSolution
		HideSolutionNode = FALSE
	EndGlobalSection
	GlobalSection(ExtensibilityGlobals) = postSolution
		SolutionGuid = {A0619B03-FB78-4C79-ADC5-EA29A7894EF9}
	EndGlobalSection
EndGlobal
